# THIS IS AN AUTOGENERATED FILE. DO NOT EDIT THIS FILE DIRECTLY.
# yarn lockfile v1


three@^0.154.0:
  version "0.154.0"
  resolved "https://registry.yarnpkg.com/three/-/three-0.154.0.tgz#dbef21e10fe6015ec283acc60d0eb58733991e27"
  integrity sha512-Uzz8C/5GesJzv8i+Y2prEMYUwodwZySPcNhuJUdsVMH2Yn4Nm8qlbQe6qRN5fOhg55XB0WiLfTPBxVHxpE60ug==
